// !$*UTF8*$!
{
	archiveVersion = 1;
	classes = {
	};
	objectVersion = 50;
	objects = {

/* Begin PBXBuildFile section */
		3A984956219D5B8000D993EC /* AppDelegate.m in Sources */ = {isa = PBXBuildFile; fileRef = 3A984955219D5B8000D993EC /* AppDelegate.m */; };
		3A984959219D5B8000D993EC /* ViewController.m in Sources */ = {isa = PBXBuildFile; fileRef = 3A984958219D5B8000D993EC /* ViewController.m */; };
		3A98495C219D5B8000D993EC /* Main.storyboard in Resources */ = {isa = PBXBuildFile; fileRef = 3A98495A219D5B8000D993EC /* Main.storyboard */; };
		3A98495E219D5B8200D993EC /* Assets.xcassets in Resources */ = {isa = PBXBuildFile; fileRef = 3A98495D219D5B8200D993EC /* Assets.xcassets */; };
		3A984961219D5B8200D993EC /* LaunchScreen.storyboard in Resources */ = {isa = PBXBuildFile; fileRef = 3A98495F219D5B8200D993EC /* LaunchScreen.storyboard */; };
		3A984964219D5B8200D993EC /* main.m in Sources */ = {isa = PBXBuildFile; fileRef = 3A984963219D5B8200D993EC /* main.m */; };
		3A98496D219D5E5D00D993EC /* NormalExtension.m in Sources */ = {isa = PBXBuildFile; fileRef = 3A98496C219D5E5D00D993EC /* NormalExtension.m */; };
/* End PBXBuildFile section */

/* Begin PBXFileReference section */
		3A984951219D5B8000D993EC /* NormalExtension.app */ = {isa = PBXFileReference; explicitFileType = wrapper.application; includeInIndex = 0; path = NormalExtension.app; sourceTree = BUILT_PRODUCTS_DIR; };
		3A984954219D5B8000D993EC /* AppDelegate.h */ = {isa = PBXFileReference; lastKnownFileType = sourcecode.c.h; path = AppDelegate.h; sourceTree = "<group>"; };
		3A984955219D5B8000D993EC /* AppDelegate.m */ = {isa = PBXFileReference; lastKnownFileType = sourcecode.c.objc; path = AppDelegate.m; sourceTree = "<group>"; };
		3A984957219D5B8000D993EC /* ViewController.h */ = {isa = PBXFileReference; lastKnownFileType = sourcecode.c.h; path = ViewController.h; sourceTree = "<group>"; };
		3A984958219D5B8000D993EC /* ViewController.m */ = {isa = PBXFileReference; lastKnownFileType = sourcecode.c.objc; path = ViewController.m; sourceTree = "<group>"; };
		3A98495B219D5B8000D993EC /* Base */ = {isa = PBXFileReference; lastKnownFileType = file.storyboard; name = Base; path = Base.lproj/Main.storyboard; sourceTree = "<group>"; };
		3A98495D219D5B8200D993EC /* Assets.xcassets */ = {isa = PBXFileReference; lastKnownFileType = folder.assetcatalog; path = Assets.xcassets; sourceTree = "<group>"; };
		3A984960219D5B8200D993EC /* Base */ = {isa = PBXFileReference; lastKnownFileType = file.storyboard; name = Base; path = Base.lproj/LaunchScreen.storyboard; sourceTree = "<group>"; };
		3A984962219D5B8200D993EC /* Info.plist */ = {isa = PBXFileReference; lastKnownFileType = text.plist.xml; path = Info.plist; sourceTree = "<group>"; };
		3A984963219D5B8200D993EC /* main.m */ = {isa = PBXFileReference; lastKnownFileType = sourcecode.c.objc; path = main.m; sourceTree = "<group>"; };
		3A98496B219D5E5D00D993EC /* NormalExtension.h */ = {isa = PBXFileReference; lastKnownFileType = sourcecode.c.h; path = NormalExtension.h; sourceTree = "<group>"; };
		3A98496C219D5E5D00D993EC /* NormalExtension.m */ = {isa = PBXFileReference; lastKnownFileType = sourcecode.c.objc; path = NormalExtension.m; sourceTree = "<group>"; };
/* End PBXFileReference section */

/* Begin PBXFrameworksBuildPhase section */
		3A98494E219D5B8000D993EC /* Frameworks */ = {
			isa = PBXFrameworksBuildPhase;
			buildActionMask = 2147483647;
			files = (
			);
			runOnlyForDeploymentPostprocessing = 0;
		};
/* End PBXFrameworksBuildPhase section */

/* Begin PBXGroup section */
		3A984948219D5B8000D993EC = {
			isa = PBXGroup;
			children = (
				3A984953219D5B8000D993EC /* NormalExtension */,
				3A984952219D5B8000D993EC /* Products */,
			);
			sourceTree = "<group>";
		};
		3A984952219D5B8000D993EC /* Products */ = {
			isa = PBXGroup;
			children = (
				3A984951219D5B8000D993EC /* NormalExtension.app */,
			);
			name = Products;
			sourceTree = "<group>";
		};
		3A984953219D5B8000D993EC /* NormalExtension */ = {
			isa = PBXGroup;
			children = (
				3A98496A219D5E5000D993EC /* Classes */,
				3A984954219D5B8000D993EC /* AppDelegate.h */,
				3A984955219D5B8000D993EC /* AppDelegate.m */,
				3A984957219D5B8000D993EC /* ViewController.h */,
				3A984958219D5B8000D993EC /* ViewController.m */,
				3A98495A219D5B8000D993EC /* Main.storyboard */,
				3A98495D219D5B8200D993EC /* Assets.xcassets */,
				3A98495F219D5B8200D993EC /* LaunchScreen.storyboard */,
				3A984962219D5B8200D993EC /* Info.plist */,
				3A984963219D5B8200D993EC /* main.m */,
			);
			path = NormalExtension;
			sourceTree = "<group>";
		};
		3A98496A219D5E5000D993EC /* Classes */ = {
			isa = PBXGroup;
			children = (
				3A98496B219D5E5D00D993EC /* NormalExtension.h */,
				3A98496C219D5E5D00D993EC /* NormalExtension.m */,
			);
			path = Classes;
			sourceTree = "<group>";
		};
/* End PBXGroup section */

/* Begin PBXNativeTarget section */
		3A984950219D5B8000D993EC /* NormalExtension */ = {
			isa = PBXNativeTarget;
			buildConfigurationList = 3A984967219D5B8200D993EC /* Build configuration list for PBXNativeTarget "NormalExtension" */;
			buildPhases = (
				3A98494D219D5B8000D993EC /* Sources */,
				3A98494E219D5B8000D993EC /* Frameworks */,
				3A98494F219D5B8000D993EC /* Resources */,
			);
			buildRules = (
			);
			dependencies = (
			);
			name = NormalExtension;
			productName = NormalExtension;
			productReference = 3A984951219D5B8000D993EC /* NormalExtension.app */;
			productType = "com.apple.product-type.application";
		};
/* End PBXNativeTarget section */

/* Begin PBXProject section */
		3A984949219D5B8000D993EC /* Project object */ = {
			isa = PBXProject;
			attributes = {
				LastUpgradeCheck = 1000;
				ORGANIZATIONNAME = liuyw;
				TargetAttributes = {
					3A984950219D5B8000D993EC = {
						CreatedOnToolsVersion = 10.0;
					};
				};
			};
			buildConfigurationList = 3A98494C219D5B8000D993EC /* Build configuration list for PBXProject "NormalExtension" */;
			compatibilityVersion = "Xcode 9.3";
			developmentRegion = en;
			hasScannedForEncodings = 0;
			knownRegions = (
				en,
				Base,
			);
			mainGroup = 3A984948219D5B8000D993EC;
			productRefGroup = 3A984952219D5B8000D993EC /* Products */;
			projectDirPath = "";
			projectRoot = "";
			targets = (
				3A984950219D5B8000D993EC /* NormalExtension */,
			);
		};
/* End PBXProject section */

/* Begin PBXResourcesBuildPhase section */
		3A98494F219D5B8000D993EC /* Resources */ = {
			isa = PBXResourcesBuildPhase;
			buildActionMask = 2147483647;
			files = (
				3A984961219D5B8200D993EC /* LaunchScreen.storyboard in Resources */,
				3A98495E219D5B8200D993EC /* Assets.xcassets in Resources */,
				3A98495C219D5B8000D993EC /* Main.storyboard in Resources */,
			);
			runOnlyForDeploymentPostprocessing = 0;
		};
/* End PBXResourcesBuildPhase section */

/* Begin PBXSourcesBuildPhase section */
		3A98494D219D5B8000D993EC /* Sources */ = {
			isa = PBXSourcesBuildPhase;
			buildActionMask = 2147483647;
			files = (
				3A984959219D5B8000D993EC /* ViewController.m in Sources */,
				3A984964219D5B8200D993EC /* main.m in Sources */,
				3A98496D219D5E5D00D993EC /* NormalExtension.m in Sources */,
				3A984956219D5B8000D993EC /* AppDelegate.m in Sources */,
			);
			runOnlyForDeploymentPostprocessing = 0;
		};
/* End PBXSourcesBuildPhase section */

/* Begin PBXVariantGroup section */
		3A98495A219D5B8000D993EC /* Main.storyboard */ = {
			isa = PBXVariantGroup;
			children = (
				3A98495B219D5B8000D993EC /* Base */,
			);
			name = Main.storyboard;
			sourceTree = "<group>";
		};
		3A98495F219D5B8200D993EC /* LaunchScreen.storyboard */ = {
			isa = PBXVariantGroup;
			children = (
				3A984960219D5B8200D993EC /* Base */,
			);
			name = LaunchScreen.storyboard;
			sourceTree = "<group>";
		};
/* End PBXVariantGroup section */

/* Begin XCBuildConfiguration section */
		3A984965219D5B8200D993EC /* Debug */ = {
			isa = XCBuildConfiguration;
			buildSettings = {
				ALWAYS_SEARCH_USER_PATHS = NO;
				CLANG_ANALYZER_NONNULL = YES;
				CLANG_ANALYZER_NUMBER_OBJECT_CONVERSION = YES_AGGRESSIVE;
				CLANG_CXX_LANGUAGE_STANDARD = "gnu++14";
				CLANG_CXX_LIBRARY = "libc++";
				CLANG_ENABLE_MODULES = YES;
				CLANG_ENABLE_OBJC_ARC = YES;
				CLANG_ENABLE_OBJC_WEAK = YES;
				CLANG_WARN_BLOCK_CAPTURE_AUTORELEASING = YES;
				CLANG_WARN_BOOL_CONVERSION = YES;
				CLANG_WARN_COMMA = YES;
				CLANG_WARN_CONSTANT_CONVERSION = YES;
				CLANG_WARN_DEPRECATED_OBJC_IMPLEMENTATIONS = YES;
				CLANG_WARN_DIRECT_OBJC_ISA_USAGE = YES_ERROR;
				CLANG_WARN_DOCUMENTATION_COMMENTS = YES;
				CLANG_WARN_EMPTY_BODY = YES;
				CLANG_WARN_ENUM_CONVERSION = YES;
				CLANG_WARN_INFINITE_RECURSION = YES;
				CLANG_WARN_INT_CONVERSION = YES;
				CLANG_WARN_NON_LITERAL_NULL_CONVERSION = YES;
				CLANG_WARN_OBJC_IMPLICIT_RETAIN_SELF = YES;
				CLANG_WARN_OBJC_LITERAL_CONVERSION = YES;
				CLANG_WARN_OBJC_ROOT_CLASS = YES_ERROR;
				CLANG_WARN_RANGE_LOOP_ANALYSIS = YES;
				CLANG_WARN_STRICT_PROTOTYPES = YES;
				CLANG_WARN_SUSPICIOUS_MOVE = YES;
				CLANG_WARN_UNGUARDED_AVAILABILITY = YES_AGGRESSIVE;
				CLANG_WARN_UNREACHABLE_CODE = YES;
				CLANG_WARN__DUPLICATE_METHOD_MATCH = YES;
				CODE_SIGN_IDENTITY = "iPhone Developer";
				COPY_PHASE_STRIP = NO;
				DEBUG_INFORMATION_FORMAT = dwarf;
				ENABLE_STRICT_OBJC_MSGSEND = YES;
				ENABLE_TESTABILITY = YES;
				GCC_C_LANGUAGE_STANDARD = gnu11;
				GCC_DYNAMIC_NO_PIC = NO;
				GCC_NO_COMMON_BLOCKS = YES;
				GCC_OPTIMIZATION_LEVEL = 0;
				GCC_PREPROCESSOR_DEFINITIONS = (
					"DEBUG=1",
					"$(inherited)",
				);
				GCC_WARN_64_TO_32_BIT_CONVERSION = YES;
				GCC_WARN_ABOUT_RETURN_TYPE = YES_ERROR;
				GCC_WARN_UNDECLARED_SELECTOR = YES;
				GCC_WARN_UNINITIALIZED_AUTOS = YES_AGGRESSIVE;
				GCC_WARN_UNUSED_FUNCTION = YES;
				GCC_WARN_UNUSED_VARIABLE = YES;
				IPHONEOS_DEPLOYMENT_TARGET = 12.0;
				MTL_ENABLE_DEBUG_INFO = INCLUDE_SOURCE;
				MTL_FAST_MATH = YES;
				ONLY_ACTIVE_ARCH = YES;
				SDKROOT = iphoneos;
			};
			name = Debug;
		};
		3A984966219D5B8200D993EC /* Release */ = {
			isa = XCBuildConfiguration;
			buildSettings = {
				ALWAYS_SEARCH_USER_PATHS = NO;
				CLANG_ANALYZER_NONNULL = YES;
				CLANG_ANALYZER_NUMBER_OBJECT_CONVERSION = YES_AGGRESSIVE;
				CLANG_CXX_LANGUAGE_STANDARD = "gnu++14";
				CLANG_CXX_LIBRARY = "libc++";
				CLANG_ENABLE_MODULES = YES;
				CLANG_ENABLE_OBJC_ARC = YES;
				CLANG_ENABLE_OBJC_WEAK = YES;
				CLANG_WARN_BLOCK_CAPTURE_AUTORELEASING = YES;
				CLANG_WARN_BOOL_CONVERSION = YES;
				CLANG_WARN_COMMA = YES;
				CLANG_WARN_CONSTANT_CONVERSION = YES;
				CLANG_WARN_DEPRECATED_OBJC_IMPLEMENTATIONS = YES;
				CLANG_WARN_DIRECT_OBJC_ISA_USAGE = YES_ERROR;
				CLANG_WARN_DOCUMENTATION_COMMENTS = YES;
				CLANG_WARN_EMPTY_BODY = YES;
				CLANG_WARN_ENUM_CONVERSION = YES;
				CLANG_WARN_INFINITE_RECURSION = YES;
				CLANG_WARN_INT_CONVERSION = YES;
				CLANG_WARN_NON_LITERAL_NULL_CONVERSION = YES;
				CLANG_WARN_OBJC_IMPLICIT_RETAIN_SELF = YES;
				CLANG_WARN_OBJC_LITERAL_CONVERSION = YES;
				CLANG_WARN_OBJC_ROOT_CLASS = YES_ERROR;
				CLANG_WARN_RANGE_LOOP_ANALYSIS = YES;
				CLANG_WARN_STRICT_PROTOTYPES = YES;
				CLANG_WARN_SUSPICIOUS_MOVE = YES;
				CLANG_WARN_UNGUARDED_AVAILABILITY = YES_AGGRESSIVE;
				CLANG_WARN_UNREACHABLE_CODE = YES;
				CLANG_WARN__DUPLICATE_METHOD_MATCH = YES;
				CODE_SIGN_IDENTITY = "iPhone Developer";
				COPY_PHASE_STRIP = NO;
				DEBUG_INFORMATION_FORMAT = "dwarf-with-dsym";
				ENABLE_NS_ASSERTIONS = NO;
				ENABLE_STRICT_OBJC_MSGSEND = YES;
				GCC_C_LANGUAGE_STANDARD = gnu11;
				GCC_NO_COMMON_BLOCKS = YES;
				GCC_WARN_64_TO_32_BIT_CONVERSION = YES;
				GCC_WARN_ABOUT_RETURN_TYPE = YES_ERROR;
				GCC_WARN_UNDECLARED_SELECTOR = YES;
				GCC_WARN_UNINITIALIZED_AUTOS = YES_AGGRESSIVE;
				GCC_WARN_UNUSED_FUNCTION = YES;
				GCC_WARN_UNUSED_VARIABLE = YES;
				IPHONEOS_DEPLOYMENT_TARGET = 12.0;
				MTL_ENABLE_DEBUG_INFO = NO;
				MTL_FAST_MATH = YES;
				SDKROOT = iphoneos;
				VALIDATE_PRODUCT = YES;
			};
			name = Release;
		};
		3A984968219D5B8200D993EC /* Debug */ = {
			isa = XCBuildConfiguration;
			buildSettings = {
				ASSETCATALOG_COMPILER_APPICON_NAME = AppIcon;
				CODE_SIGN_STYLE = Automatic;
				INFOPLIST_FILE = NormalExtension/Info.plist;
				LD_RUNPATH_SEARCH_PATHS = (
					"$(inherited)",
					"@executable_path/Frameworks",
				);
				PRODUCT_BUNDLE_IDENTIFIER = xiaowu.NormalExtension;
				PRODUCT_NAME = "$(TARGET_NAME)";
				TARGETED_DEVICE_FAMILY = "1,2";
			};
			name = Debug;
		};
		3A984969219D5B8200D993EC /* Release */ = {
			isa = XCBuildConfiguration;
			buildSettings = {
				ASSETCATALOG_COMPILER_APPICON_NAME = AppIcon;
				CODE_SIGN_STYLE = Automatic;
				INFOPLIST_FILE = NormalExtension/Info.plist;
				LD_RUNPATH_SEARCH_PATHS = (
					"$(inherited)",
					"@executable_path/Frameworks",
				);
				PRODUCT_BUNDLE_IDENTIFIER = xiaowu.NormalExtension;
				PRODUCT_NAME = "$(TARGET_NAME)";
				TARGETED_DEVICE_FAMILY = "1,2";
			};
			name = Release;
		};
/* End XCBuildConfiguration section */

/* Begin XCConfigurationList section */
		3A98494C219D5B8000D993EC /* Build configuration list for PBXProject "NormalExtension" */ = {
			isa = XCConfigurationList;
			buildConfigurations = (
				3A984965219D5B8200D993EC /* Debug */,
				3A984966219D5B8200D993EC /* Release */,
			);
			defaultConfigurationIsVisible = 0;
			defaultConfigurationName = Release;
		};
		3A984967219D5B8200D993EC /* Build configuration list for PBXNativeTarget "NormalExtension" */ = {
			isa = XCConfigurationList;
			buildConfigurations = (
				3A984968219D5B8200D993EC /* Debug */,
				3A984969219D5B8200D993EC /* Release */,
			);
			defaultConfigurationIsVisible = 0;
			defaultConfigurationName = Release;
		};
/* End XCConfigurationList section */
	};
	rootObject = 3A984949219D5B8000D993EC /* Project object */;
}
